# This file is autogenerated, do not edit; changes may be undone by the next 'dep ensure'.


[[projects]]
  name = "github.com/disiqueira/gotree"
  packages = ["."]
  revision = "fa4feb4b24b1470a0c4fe1aecfea6b69821fad85"
  version = "2.0.2"

[[projects]]
  branch = "master"
  name = "golang.org/x/net"
  packages = [
    "html",
    "html/atom"
  ]
  revision = "2491c5de3490fced2f6cff376127c667efeed857"

[solve-meta]
  analyzer-name = "dep"
  analyzer-version = 1
  inputs-digest = "796f8f7361635823d3d05c89d951e0670a948848644dea8c52f299a971df6fb7"
  solver-name = "gps-cdcl"
  solver-version = 1
